<Solution>
  <Folder Name="/Solution Items/">
    <File Path=".editorconfig" />
    <File Path=".gitignore" />
    <File Path="Directory.Build.props" />
    <File Path="Directory.Packages.props" />
    <File Path="nuget.config" />
  </Folder>
  <Project Path="src/Spotflow.Cbor/Spotflow.Cbor.csproj" />
  <Project Path="tests/Tests/Tests.csproj" />
</Solution>
